
Microsoft Visual Studio Solution File, Format Version 12.00
Project("{FAE04EC0-301F-11D3-BF4B-00C04F79EFBC}") = "Hangfire.Dashboard.PasswordAuthorization", "Hangfire.Dashboard.PasswordAuthorization\Hangfire.Dashboard.PasswordAuthorization.csproj", "{0FCB4B63-5546-4D5E-93C2-F3ECE021BCFE}"
EndProject
Project("{FAE04EC0-301F-11D3-BF4B-00C04F79EFBC}") = "Hangfire.Dashboard.PasswordAuthorization.Sample", "Hangfire.Dashboard.PasswordAuthorization.Sample\Hangfire.Dashboard.PasswordAuthorization.Sample.csproj", "{FDC8D8FE-BC53-4DC7-A3A8-156E1FFB941B}"
EndProject
Global
	GlobalSection(SolutionConfigurationPlatforms) = preSolution
		Debug|Any CPU = Debug|Any CPU
		Release|Any CPU = Release|Any CPU
	EndGlobalSection
	GlobalSection(ProjectConfigurationPlatforms) = postSolution
		{0FCB4B63-5546-4D5E-93C2-F3ECE021BCFE}.Debug|Any CPU.ActiveCfg = Debug|Any CPU
		{0FCB4B63-5546-4D5E-93C2-F3ECE021BCFE}.Debug|Any CPU.Build.0 = Debug|Any CPU
		{0FCB4B63-5546-4D5E-93C2-F3ECE021BCFE}.Release|Any CPU.ActiveCfg = Release|Any CPU
		{0FCB4B63-5546-4D5E-93C2-F3ECE021BCFE}.Release|Any CPU.Build.0 = Release|Any CPU
		{FDC8D8FE-BC53-4DC7-A3A8-156E1FFB941B}.Debug|Any CPU.ActiveCfg = Debug|Any CPU
		{FDC8D8FE-BC53-4DC7-A3A8-156E1FFB941B}.Debug|Any CPU.Build.0 = Debug|Any CPU
		{FDC8D8FE-BC53-4DC7-A3A8-156E1FFB941B}.Release|Any CPU.ActiveCfg = Release|Any CPU
		{FDC8D8FE-BC53-4DC7-A3A8-156E1FFB941B}.Release|Any CPU.Build.0 = Release|Any CPU
	EndGlobalSection
EndGlobal
